<Solution>
  <Folder Name="/Solution Items/">
    <File Path="ReadME.txt" />
  </Folder>
  <Project Path="Solution.Domain/Solution.Domain.csproj" />
  <Project Path="Solution.Services/Solution.Services.csproj" />
  <Project Path="Solution.Shared/Solution.Shared.csproj" />
  <Project Path="Solution.WebAPI/Solution.WebAPI.csproj" />
</Solution>
