
Microsoft Visual Studio Solution File, Format Version 12.00
# Visual Studio Version 17
VisualStudioVersion = 17.12.35521.163
MinimumVisualStudioVersion = 10.0.40219.1
Project("{FAE04EC0-301F-11D3-BF4B-00C04F79EFBC}") = "Solution.DesktopApp", "Solution.DesktopApp\Solution.DesktopApp.csproj", "{542885BE-10AA-472C-AECC-AF68FFD90A2D}"
EndProject
Project("{FAE04EC0-301F-11D3-BF4B-00C04F79EFBC}") = "Solution.Services", "Solution.Services\Solution.Services.csproj", "{256048E6-59B0-4F60-9263-51C605A5DB61}"
EndProject
Project("{FAE04EC0-301F-11D3-BF4B-00C04F79EFBC}") = "Solution.Core", "Solution.Core\Solution.Core.csproj", "{88013A1C-1958-47CF-86F3-57996343D1B0}"
EndProject
Project("{FAE04EC0-301F-11D3-BF4B-00C04F79EFBC}") = "Solution.Database", "Solution.Database\Solution.Database.csproj", "{4A7DC4EF-D3F0-456D-980B-CDA450ABE2C1}"
EndProject
Project("{FAE04EC0-301F-11D3-BF4B-00C04F79EFBC}") = "Solution.PdfGenerator", "Solution.PdfGenerator\Solution.PdfGenerator.csproj", "{B7E757A9-D198-488D-BBB8-C9D39EABDB4A}"
EndProject
Project("{2150E333-8FDC-42A3-9474-1A3956D46DE8}") = "Solution Items", "Solution Items", "{70CCD2DA-E794-425F-82A8-EEC9D516EA14}"
	ProjectSection(SolutionItems) = preProject
		.editorconfig = .editorconfig
	EndProjectSection
EndProject
Project("{FAE04EC0-301F-11D3-BF4B-00C04F79EFBC}") = "Solution.Validators", "Solution.Validators\Solution.Validators.csproj", "{96F6C2B4-2EFD-4C42-8DA8-4CF643CD0158}"
EndProject
Project("{FAE04EC0-301F-11D3-BF4B-00C04F79EFBC}") = "Solution.Api", "Solution.Api\Solution.Api.csproj", "{388CD056-DAB7-9B4D-CA69-B6D063CEFCFA}"
EndProject
Global
	GlobalSection(SolutionConfigurationPlatforms) = preSolution
		Debug|Any CPU = Debug|Any CPU
		Release|Any CPU = Release|Any CPU
	EndGlobalSection
	GlobalSection(ProjectConfigurationPlatforms) = postSolution
		{542885BE-10AA-472C-AECC-AF68FFD90A2D}.Debug|Any CPU.ActiveCfg = Debug|Any CPU
		{542885BE-10AA-472C-AECC-AF68FFD90A2D}.Debug|Any CPU.Build.0 = Debug|Any CPU
		{542885BE-10AA-472C-AECC-AF68FFD90A2D}.Release|Any CPU.ActiveCfg = Release|Any CPU
		{542885BE-10AA-472C-AECC-AF68FFD90A2D}.Release|Any CPU.Build.0 = Release|Any CPU
		{256048E6-59B0-4F60-9263-51C605A5DB61}.Debug|Any CPU.ActiveCfg = Debug|Any CPU
		{256048E6-59B0-4F60-9263-51C605A5DB61}.Debug|Any CPU.Build.0 = Debug|Any CPU
		{256048E6-59B0-4F60-9263-51C605A5DB61}.Release|Any CPU.ActiveCfg = Release|Any CPU
		{256048E6-59B0-4F60-9263-51C605A5DB61}.Release|Any CPU.Build.0 = Release|Any CPU
		{88013A1C-1958-47CF-86F3-57996343D1B0}.Debug|Any CPU.ActiveCfg = Debug|Any CPU
		{88013A1C-1958-47CF-86F3-57996343D1B0}.Debug|Any CPU.Build.0 = Debug|Any CPU
		{88013A1C-1958-47CF-86F3-57996343D1B0}.Release|Any CPU.ActiveCfg = Release|Any CPU
		{88013A1C-1958-47CF-86F3-57996343D1B0}.Release|Any CPU.Build.0 = Release|Any CPU
		{4A7DC4EF-D3F0-456D-980B-CDA450ABE2C1}.Debug|Any CPU.ActiveCfg = Debug|Any CPU
		{4A7DC4EF-D3F0-456D-980B-CDA450ABE2C1}.Debug|Any CPU.Build.0 = Debug|Any CPU
		{4A7DC4EF-D3F0-456D-980B-CDA450ABE2C1}.Release|Any CPU.ActiveCfg = Release|Any CPU
		{4A7DC4EF-D3F0-456D-980B-CDA450ABE2C1}.Release|Any CPU.Build.0 = Release|Any CPU
		{B7E757A9-D198-488D-BBB8-C9D39EABDB4A}.Debug|Any CPU.ActiveCfg = Debug|Any CPU
		{B7E757A9-D198-488D-BBB8-C9D39EABDB4A}.Debug|Any CPU.Build.0 = Debug|Any CPU
		{B7E757A9-D198-488D-BBB8-C9D39EABDB4A}.Release|Any CPU.ActiveCfg = Release|Any CPU
		{B7E757A9-D198-488D-BBB8-C9D39EABDB4A}.Release|Any CPU.Build.0 = Release|Any CPU
		{96F6C2B4-2EFD-4C42-8DA8-4CF643CD0158}.Debug|Any CPU.ActiveCfg = Debug|Any CPU
		{96F6C2B4-2EFD-4C42-8DA8-4CF643CD0158}.Debug|Any CPU.Build.0 = Debug|Any CPU
		{96F6C2B4-2EFD-4C42-8DA8-4CF643CD0158}.Release|Any CPU.ActiveCfg = Release|Any CPU
		{96F6C2B4-2EFD-4C42-8DA8-4CF643CD0158}.Release|Any CPU.Build.0 = Release|Any CPU
		{388CD056-DAB7-9B4D-CA69-B6D063CEFCFA}.Debug|Any CPU.ActiveCfg = Debug|Any CPU
		{388CD056-DAB7-9B4D-CA69-B6D063CEFCFA}.Debug|Any CPU.Build.0 = Debug|Any CPU
		{388CD056-DAB7-9B4D-CA69-B6D063CEFCFA}.Release|Any CPU.ActiveCfg = Release|Any CPU
		{388CD056-DAB7-9B4D-CA69-B6D063CEFCFA}.Release|Any CPU.Build.0 = Release|Any CPU
	EndGlobalSection
	GlobalSection(SolutionProperties) = preSolution
		HideSolutionNode = FALSE
	EndGlobalSection
	GlobalSection(ExtensibilityGlobals) = postSolution
		SolutionGuid = {13E42112-2910-4E64-A2BE-4CE5D3924E51}
	EndGlobalSection
EndGlobal
