
Microsoft Visual Studio Solution File, Format Version 12.00
# Visual Studio Version 17
VisualStudioVersion = 17.14.36623.8
MinimumVisualStudioVersion = 10.0.40219.1
Project("{FAE04EC0-301F-11D3-BF4B-00C04F79EFBC}") = "Solution.Database", "Solution.Database\Solution.Database.csproj", "{B771AA1C-F2F0-400F-90AD-91CD7E70D2D7}"
EndProject
Project("{FAE04EC0-301F-11D3-BF4B-00C04F79EFBC}") = "Solution.Api", "Solution.Api\Solution.Api.csproj", "{F94059E8-9864-4126-A0AA-194CE500EFAB}"
EndProject
Project("{FAE04EC0-301F-11D3-BF4B-00C04F79EFBC}") = "Solution.Services", "Solution.Services\Solution.Services.csproj", "{8AF6E66E-7DCB-4C26-8F07-88C648449BE2}"
EndProject
Project("{FAE04EC0-301F-11D3-BF4B-00C04F79EFBC}") = "Solution.DekstopApp", "Solution.DekstopApp\Solution.DekstopApp.csproj", "{655EF588-F960-4581-925B-A4D12D17E260}"
EndProject
Global
	GlobalSection(SolutionConfigurationPlatforms) = preSolution
		Debug|Any CPU = Debug|Any CPU
		Release|Any CPU = Release|Any CPU
	EndGlobalSection
	GlobalSection(ProjectConfigurationPlatforms) = postSolution
		{B771AA1C-F2F0-400F-90AD-91CD7E70D2D7}.Debug|Any CPU.ActiveCfg = Debug|Any CPU
		{B771AA1C-F2F0-400F-90AD-91CD7E70D2D7}.Debug|Any CPU.Build.0 = Debug|Any CPU
		{B771AA1C-F2F0-400F-90AD-91CD7E70D2D7}.Release|Any CPU.ActiveCfg = Release|Any CPU
		{B771AA1C-F2F0-400F-90AD-91CD7E70D2D7}.Release|Any CPU.Build.0 = Release|Any CPU
		{F94059E8-9864-4126-A0AA-194CE500EFAB}.Debug|Any CPU.ActiveCfg = Debug|Any CPU
		{F94059E8-9864-4126-A0AA-194CE500EFAB}.Debug|Any CPU.Build.0 = Debug|Any CPU
		{F94059E8-9864-4126-A0AA-194CE500EFAB}.Release|Any CPU.ActiveCfg = Release|Any CPU
		{F94059E8-9864-4126-A0AA-194CE500EFAB}.Release|Any CPU.Build.0 = Release|Any CPU
		{8AF6E66E-7DCB-4C26-8F07-88C648449BE2}.Debug|Any CPU.ActiveCfg = Debug|Any CPU
		{8AF6E66E-7DCB-4C26-8F07-88C648449BE2}.Debug|Any CPU.Build.0 = Debug|Any CPU
		{8AF6E66E-7DCB-4C26-8F07-88C648449BE2}.Release|Any CPU.ActiveCfg = Release|Any CPU
		{8AF6E66E-7DCB-4C26-8F07-88C648449BE2}.Release|Any CPU.Build.0 = Release|Any CPU
		{655EF588-F960-4581-925B-A4D12D17E260}.Debug|Any CPU.ActiveCfg = Debug|Any CPU
		{655EF588-F960-4581-925B-A4D12D17E260}.Debug|Any CPU.Build.0 = Debug|Any CPU
		{655EF588-F960-4581-925B-A4D12D17E260}.Release|Any CPU.ActiveCfg = Release|Any CPU
		{655EF588-F960-4581-925B-A4D12D17E260}.Release|Any CPU.Build.0 = Release|Any CPU
	EndGlobalSection
	GlobalSection(SolutionProperties) = preSolution
		HideSolutionNode = FALSE
	EndGlobalSection
	GlobalSection(ExtensibilityGlobals) = postSolution
		SolutionGuid = {75DFCAC8-1554-4533-9660-CB5CC7BEF0D3}
	EndGlobalSection
EndGlobal
